github.com/fingirlink/repository_first v0.0.0-20250709151420-9d8760cf33dd h1:jwvEsdOP7J9m9YkINpVbQzhcc2svAxCePc+t9yvqJDU=
github.com/fingirlink/repository_first v0.0.0-20250709151420-9d8760cf33dd/go.mod h1:ngvzoybVsHSB2SVmZsQKLCwH2TRRxEp8lhmIYV6SI8E=
github.com/fingirlink/repository_first v0.0.0-20250709154411-c7700cd06d77 h1:4ntNpL45OaBw01qhqop7J5DHhc+sUXtdYdgf/UqNWCI=
github.com/fingirlink/repository_first v0.0.0-20250709154411-c7700cd06d77/go.mod h1:ngvzoybVsHSB2SVmZsQKLCwH2TRRxEp8lhmIYV6SI8E=
github.com/fingirlink/repository_first v0.0.0-20250709155420-e92e33b04042 h1:Ss7LXUE+cMt3uZdXlBIAR/LR799+mJmGwZiWPJsetcg=
github.com/fingirlink/repository_first v0.0.0-20250709155420-e92e33b04042/go.mod h1:ngvzoybVsHSB2SVmZsQKLCwH2TRRxEp8lhmIYV6SI8E=
